
Microsoft Visual Studio Solution File, Format Version 12.00
# Visual Studio Version 17
VisualStudioVersion = 17.14.37216.2 d17.14
MinimumVisualStudioVersion = 10.0.40219.1
Project("{FAE04EC0-301F-11D3-BF4B-00C04F79EFBC}") = "Srednia_Ocen_c#", "Srednia_Ocen_c#\Srednia_Ocen_c#.csproj", "{38C2B39D-0617-4EB3-8880-7F36A26B4146}"
EndProject
Global
	GlobalSection(SolutionConfigurationPlatforms) = preSolution
		Debug|Any CPU = Debug|Any CPU
		Release|Any CPU = Release|Any CPU
	EndGlobalSection
	GlobalSection(ProjectConfigurationPlatforms) = postSolution
		{38C2B39D-0617-4EB3-8880-7F36A26B4146}.Debug|Any CPU.ActiveCfg = Debug|Any CPU
		{38C2B39D-0617-4EB3-8880-7F36A26B4146}.Debug|Any CPU.Build.0 = Debug|Any CPU
		{38C2B39D-0617-4EB3-8880-7F36A26B4146}.Release|Any CPU.ActiveCfg = Release|Any CPU
		{38C2B39D-0617-4EB3-8880-7F36A26B4146}.Release|Any CPU.Build.0 = Release|Any CPU
	EndGlobalSection
	GlobalSection(SolutionProperties) = preSolution
		HideSolutionNode = FALSE
	EndGlobalSection
	GlobalSection(ExtensibilityGlobals) = postSolution
		SolutionGuid = {68118735-A8E3-417D-A3E0-2BE2DFE7C40B}
	EndGlobalSection
EndGlobal
