
Microsoft Visual Studio Solution File, Format Version 12.00
# Visual Studio Version 17
VisualStudioVersion = 17.14.37203.1 d17.14
MinimumVisualStudioVersion = 10.0.40219.1
Project("{FAE04EC0-301F-11D3-BF4B-00C04F79EFBC}") = "Kalkulator_2_liczby", "Kalkulator_2_liczby\Kalkulator_2_liczby.csproj", "{D04C72FF-1507-4A4E-84AF-BD8A124817A3}"
EndProject
Global
	GlobalSection(SolutionConfigurationPlatforms) = preSolution
		Debug|Any CPU = Debug|Any CPU
		Release|Any CPU = Release|Any CPU
	EndGlobalSection
	GlobalSection(ProjectConfigurationPlatforms) = postSolution
		{D04C72FF-1507-4A4E-84AF-BD8A124817A3}.Debug|Any CPU.ActiveCfg = Debug|Any CPU
		{D04C72FF-1507-4A4E-84AF-BD8A124817A3}.Debug|Any CPU.Build.0 = Debug|Any CPU
		{D04C72FF-1507-4A4E-84AF-BD8A124817A3}.Release|Any CPU.ActiveCfg = Release|Any CPU
		{D04C72FF-1507-4A4E-84AF-BD8A124817A3}.Release|Any CPU.Build.0 = Release|Any CPU
	EndGlobalSection
	GlobalSection(SolutionProperties) = preSolution
		HideSolutionNode = FALSE
	EndGlobalSection
	GlobalSection(ExtensibilityGlobals) = postSolution
		SolutionGuid = {87B07634-5E15-46BD-AE76-2877A31A74A1}
	EndGlobalSection
EndGlobal
